hash: 457d0a6c444ac2c262aacdaa283b222f4bd8a76f4643be791a33ea41ab5b8388
updated: 2016-11-09T16:49:11.876422786-05:00
imports:
- name: github.com/xlab/pocketsphinx-go
  version: 943418ffb71c33d03cb2954fa3b761ed4265cf49
- name: golang.org/x/net
  version: 943418ffb71c33d03cb2954fa3b761ed4265cf49
  subpackages:
  - context
  - context/ctxhttp
- name: google.golang.org/api
  version: 943418ffb71c33d03cb2954fa3b761ed4265cf49
  subpackages:
  - calendar/v3
  - gensupport
  - googleapi
  - googleapi/internal/uritemplates
testImports: []
